
Microsoft Visual Studio Solution File, Format Version 12.00
# Visual Studio 15
VisualStudioVersion = 15.0.27428.2005
MinimumVisualStudioVersion = 10.0.40219.1
Project("{E24C65DC-7377-472B-9ABA-BC803B73C61A}") = "RacingLegends", "RacingLegends\", "{8D19B1F5-7492-4C0C-BD9A-4017D8E4C31C}"
	ProjectSection(WebsiteProperties) = preProject
		TargetFrameworkMoniker = ".NETFramework,Version%3Dv4.6.1"
		Debug.AspNetCompiler.VirtualPath = "/localhost_60808"
		Debug.AspNetCompiler.PhysicalPath = "RacingLegends\"
		Debug.AspNetCompiler.TargetPath = "PrecompiledWeb\localhost_60808\"
		Debug.AspNetCompiler.Updateable = "true"
		Debug.AspNetCompiler.ForceOverwrite = "true"
		Debug.AspNetCompiler.FixedNames = "false"
		Debug.AspNetCompiler.Debug = "True"
		Release.AspNetCompiler.VirtualPath = "/localhost_60808"
		Release.AspNetCompiler.PhysicalPath = "RacingLegends\"
		Release.AspNetCompiler.TargetPath = "PrecompiledWeb\localhost_60808\"
		Release.AspNetCompiler.Updateable = "true"
		Release.AspNetCompiler.ForceOverwrite = "true"
		Release.AspNetCompiler.FixedNames = "false"
		Release.AspNetCompiler.Debug = "False"
		VWDPort = "60808"
		SlnRelativePath = "RacingLegends\"
		DefaultWebSiteLanguage = "Visual C#"
	EndProjectSection
EndProject
Global
	GlobalSection(SolutionConfigurationPlatforms) = preSolution
		Debug|Any CPU = Debug|Any CPU
	EndGlobalSection
	GlobalSection(ProjectConfigurationPlatforms) = postSolution
		{8D19B1F5-7492-4C0C-BD9A-4017D8E4C31C}.Debug|Any CPU.ActiveCfg = Debug|Any CPU
		{8D19B1F5-7492-4C0C-BD9A-4017D8E4C31C}.Debug|Any CPU.Build.0 = Debug|Any CPU
	EndGlobalSection
	GlobalSection(SolutionProperties) = preSolution
		HideSolutionNode = FALSE
	EndGlobalSection
	GlobalSection(ExtensibilityGlobals) = postSolution
		SolutionGuid = {142F0CCF-33C4-4753-B56E-93991D854E8B}
	EndGlobalSection
EndGlobal
